
Microsoft Visual Studio Solution File, Format Version 12.00
# Visual Studio 14
VisualStudioVersion = 14.0.23107.0
MinimumVisualStudioVersion = 10.0.40219.1
Project("{FAE04EC0-301F-11D3-BF4B-00C04F79EFBC}") = "Website", "Website\Website.csproj", "{94FE7A0F-2405-48CE-9A20-DBEE05453F5D}"
EndProject
Project("{FAE04EC0-301F-11D3-BF4B-00C04F79EFBC}") = "Kernel", "Kernel\Kernel.csproj", "{12C7284F-7F90-4682-A01D-73E345B10959}"
EndProject
Global
	GlobalSection(SolutionConfigurationPlatforms) = preSolution
		Debug|Any CPU = Debug|Any CPU
		Release|Any CPU = Release|Any CPU
	EndGlobalSection
	GlobalSection(ProjectConfigurationPlatforms) = postSolution
		{94FE7A0F-2405-48CE-9A20-DBEE05453F5D}.Debug|Any CPU.ActiveCfg = Debug|Any CPU
		{94FE7A0F-2405-48CE-9A20-DBEE05453F5D}.Debug|Any CPU.Build.0 = Debug|Any CPU
		{94FE7A0F-2405-48CE-9A20-DBEE05453F5D}.Release|Any CPU.ActiveCfg = Release|Any CPU
		{94FE7A0F-2405-48CE-9A20-DBEE05453F5D}.Release|Any CPU.Build.0 = Release|Any CPU
		{12C7284F-7F90-4682-A01D-73E345B10959}.Debug|Any CPU.ActiveCfg = Debug|Any CPU
		{12C7284F-7F90-4682-A01D-73E345B10959}.Debug|Any CPU.Build.0 = Debug|Any CPU
		{12C7284F-7F90-4682-A01D-73E345B10959}.Release|Any CPU.ActiveCfg = Release|Any CPU
		{12C7284F-7F90-4682-A01D-73E345B10959}.Release|Any CPU.Build.0 = Release|Any CPU
	EndGlobalSection
	GlobalSection(SolutionProperties) = preSolution
		HideSolutionNode = FALSE
	EndGlobalSection
EndGlobal
